<?xml version="1.0" encoding="utf-8"?>
<Project ToolsVersion="4.0" xmlns="http://schemas.microsoft.com/developer/msbuild/2003">
  <ItemGroup>
    <Filter Include="Source Files">
      <UniqueIdentifier>{cea4e1b5-7876-4783-9b69-b60c79b9e09d}</UniqueIdentifier>
      <Extensions>cpp;c;cxx;rc;def;r;odl;idl;hpj;bat</Extensions>
    </Filter>
    <Filter Include="Header Files">
      <UniqueIdentifier>{5af5015c-1060-46a9-b382-b9c47f2dd365}</UniqueIdentifier>
      <Extensions>h;hpp;hxx;hm;inl</Extensions>
    </Filter>
    <Filter Include="Resource Files">
      <UniqueIdentifier>{c9f61104-2469-4a6d-94f6-81c07da44fc9}</UniqueIdentifier>
      <Extensions>ico;cur;bmp;dlg;rc2;rct;bin;rgs;gif;jpg;jpeg;jpe</Extensions>
    </Filter>
  </ItemGroup>
  <ItemGroup>
    <ClCompile Include="alsa.cpp">
      <Filter>Source Files</Filter>
    </ClCompile>
    <ClCompile Include="cfg.cpp">
      <Filter>Source Files</Filter>
    </ClCompile>
    <ClCompile Include="debug.cpp">
      <Filter>Source Files</Filter>
    </ClCompile>
    <ClCompile Include="dma.cpp">
      <Filter>Source Files</Filter>
    </ClCompile>
    <ClCompile Include="freeze.cpp">
      <Filter>Source Files</Filter>
    </ClCompile>
    <ClCompile Include="oss.cpp">
      <Filter>Source Files</Filter>
    </ClCompile>
    <ClCompile Include="output.cpp">
      <Filter>Source Files</Filter>
    </ClCompile>
    <ClCompile Include="psemu.cpp">
      <Filter>Source Files</Filter>
    </ClCompile>
    <ClCompile Include="record.cpp">
      <Filter>Source Files</Filter>
    </ClCompile>
    <ClCompile Include="registers.cpp">
      <Filter>Source Files</Filter>
    </ClCompile>
    <ClCompile Include="spu.cpp">
      <Filter>Source Files</Filter>
    </ClCompile>
    <ClCompile Include="spuPeopsSound.cpp">
      <Filter>Source Files</Filter>
    </ClCompile>
    <ClCompile Include="stdafx.cpp">
      <Filter>Source Files</Filter>
    </ClCompile>
    <ClCompile Include="xa.cpp">
      <Filter>Source Files</Filter>
    </ClCompile>
    <ClCompile Include="zn.cpp">
      <Filter>Source Files</Filter>
    </ClCompile>
  </ItemGroup>
  <ItemGroup>
    <None Include="spuPeopsSound.def">
      <Filter>Source Files</Filter>
    </None>
  </ItemGroup>
  <ItemGroup>
    <ClInclude Include="afxres.h">
      <Filter>Header Files</Filter>
    </ClInclude>
    <ClInclude Include="alsa.h">
      <Filter>Header Files</Filter>
    </ClInclude>
    <ClInclude Include="cfg.h">
      <Filter>Header Files</Filter>
    </ClInclude>
    <ClInclude Include="debug.h">
      <Filter>Header Files</Filter>
    </ClInclude>
    <ClInclude Include="dma.h">
      <Filter>Header Files</Filter>
    </ClInclude>
    <ClInclude Include="dsoundoss.h">
      <Filter>Header Files</Filter>
    </ClInclude>
    <ClInclude Include="externals.h">
      <Filter>Header Files</Filter>
    </ClInclude>
    <ClInclude Include="gauss_i.h">
      <Filter>Header Files</Filter>
    </ClInclude>
    <ClInclude Include="oss.h">
      <Filter>Header Files</Filter>
    </ClInclude>
    <ClInclude Include="psemuxa.h">
      <Filter>Header Files</Filter>
    </ClInclude>
    <ClInclude Include="record.h">
      <Filter>Header Files</Filter>
    </ClInclude>
    <ClInclude Include="registers.h">
      <Filter>Header Files</Filter>
    </ClInclude>
    <ClInclude Include="regs.h">
      <Filter>Header Files</Filter>
    </ClInclude>
    <ClInclude Include="resource.h">
      <Filter>Header Files</Filter>
    </ClInclude>
    <ClInclude Include="spu.h">
      <Filter>Header Files</Filter>
    </ClInclude>
    <ClInclude Include="stdafx.h">
      <Filter>Header Files</Filter>
    </ClInclude>
    <ClInclude Include="WINRES.H">
      <Filter>Header Files</Filter>
    </ClInclude>
    <ClInclude Include="xa.h">
      <Filter>Header Files</Filter>
    </ClInclude>
    <ClInclude Include="reverb.h">
      <Filter>Header Files</Filter>
    </ClInclude>
  </ItemGroup>
  <ItemGroup>
    <ResourceCompile Include="spuPeopsSound.rc">
      <Filter>Resource Files</Filter>
    </ResourceCompile>
  </ItemGroup>
</Project>